
Microsoft Visual Studio Solution File, Format Version 12.00
# Visual Studio 15
VisualStudioVersion = 15.0.26430.16
MinimumVisualStudioVersion = 10.0.40219.1
Project("{FAE04EC0-301F-11D3-BF4B-00C04F79EFBC}") = "Lendable Test", "Lendable Test\Lendable Test.csproj", "{A3EB79D3-A190-4BD6-8017-6E3DC139803B}"
EndProject
Global
	GlobalSection(SolutionConfigurationPlatforms) = preSolution
		Debug|Any CPU = Debug|Any CPU
		Release|Any CPU = Release|Any CPU
	EndGlobalSection
	GlobalSection(ProjectConfigurationPlatforms) = postSolution
		{A3EB79D3-A190-4BD6-8017-6E3DC139803B}.Debug|Any CPU.ActiveCfg = Debug|Any CPU
		{A3EB79D3-A190-4BD6-8017-6E3DC139803B}.Debug|Any CPU.Build.0 = Debug|Any CPU
		{A3EB79D3-A190-4BD6-8017-6E3DC139803B}.Release|Any CPU.ActiveCfg = Release|Any CPU
		{A3EB79D3-A190-4BD6-8017-6E3DC139803B}.Release|Any CPU.Build.0 = Release|Any CPU
	EndGlobalSection
	GlobalSection(SolutionProperties) = preSolution
		HideSolutionNode = FALSE
	EndGlobalSection
EndGlobal
